
Microsoft Visual Studio Solution File, Format Version 12.00
# Visual Studio 2012
Project("{FAE04EC0-301F-11D3-BF4B-00C04F79EFBC}") = "merge", "merge\merge.csproj", "{68C213C4-1906-4A7E-B12A-73868F8CD493}"
EndProject
Global
	GlobalSection(SolutionConfigurationPlatforms) = preSolution
		Debug|Any CPU = Debug|Any CPU
		Release|Any CPU = Release|Any CPU
	EndGlobalSection
	GlobalSection(ProjectConfigurationPlatforms) = postSolution
		{68C213C4-1906-4A7E-B12A-73868F8CD493}.Debug|Any CPU.ActiveCfg = Debug|Any CPU
		{68C213C4-1906-4A7E-B12A-73868F8CD493}.Debug|Any CPU.Build.0 = Debug|Any CPU
		{68C213C4-1906-4A7E-B12A-73868F8CD493}.Release|Any CPU.ActiveCfg = Release|Any CPU
		{68C213C4-1906-4A7E-B12A-73868F8CD493}.Release|Any CPU.Build.0 = Release|Any CPU
	EndGlobalSection
EndGlobal
